
Microsoft Visual Studio Solution File, Format Version 12.00
# Visual Studio 2013
VisualStudioVersion = 12.0.31101.0
MinimumVisualStudioVersion = 10.0.40219.1
Project("{FAE04EC0-301F-11D3-BF4B-00C04F79EFBC}") = "01.NumbersFrom1ToN", "01.NumbersFrom1ToN\01.NumbersFrom1ToN.csproj", "{ACD26D5B-72A8-4D8C-BD79-A672FDAE7E7F}"
EndProject
Project("{FAE04EC0-301F-11D3-BF4B-00C04F79EFBC}") = "02.NumbersNotDivisibleBy3and7", "02.NumbersNotDivisibleBy3and7\02.NumbersNotDivisibleBy3and7.csproj", "{B70CB5D1-D046-4B1C-B045-DAFE2F92741F}"
EndProject
Project("{FAE04EC0-301F-11D3-BF4B-00C04F79EFBC}") = "03.MinMaxSumAndAverageOfNNumbers", "03.MinMaxSumAndAverageOfNNumbers\03.MinMaxSumAndAverageOfNNumbers.csproj", "{83D39883-4A92-4ECF-85A1-5072F4B6083C}"
EndProject
Project("{FAE04EC0-301F-11D3-BF4B-00C04F79EFBC}") = "04.PrintADeckOf52Cards", "04.PrintADeckOf52Cards\04.PrintADeckOf52Cards.csproj", "{73A0E6FE-80A2-4632-8605-5C67C98FE0DC}"
EndProject
Global
	GlobalSection(SolutionConfigurationPlatforms) = preSolution
		Debug|Any CPU = Debug|Any CPU
		Release|Any CPU = Release|Any CPU
	EndGlobalSection
	GlobalSection(ProjectConfigurationPlatforms) = postSolution
		{ACD26D5B-72A8-4D8C-BD79-A672FDAE7E7F}.Debug|Any CPU.ActiveCfg = Debug|Any CPU
		{ACD26D5B-72A8-4D8C-BD79-A672FDAE7E7F}.Debug|Any CPU.Build.0 = Debug|Any CPU
		{ACD26D5B-72A8-4D8C-BD79-A672FDAE7E7F}.Release|Any CPU.ActiveCfg = Release|Any CPU
		{ACD26D5B-72A8-4D8C-BD79-A672FDAE7E7F}.Release|Any CPU.Build.0 = Release|Any CPU
		{B70CB5D1-D046-4B1C-B045-DAFE2F92741F}.Debug|Any CPU.ActiveCfg = Debug|Any CPU
		{B70CB5D1-D046-4B1C-B045-DAFE2F92741F}.Debug|Any CPU.Build.0 = Debug|Any CPU
		{B70CB5D1-D046-4B1C-B045-DAFE2F92741F}.Release|Any CPU.ActiveCfg = Release|Any CPU
		{B70CB5D1-D046-4B1C-B045-DAFE2F92741F}.Release|Any CPU.Build.0 = Release|Any CPU
		{83D39883-4A92-4ECF-85A1-5072F4B6083C}.Debug|Any CPU.ActiveCfg = Debug|Any CPU
		{83D39883-4A92-4ECF-85A1-5072F4B6083C}.Debug|Any CPU.Build.0 = Debug|Any CPU
		{83D39883-4A92-4ECF-85A1-5072F4B6083C}.Release|Any CPU.ActiveCfg = Release|Any CPU
		{83D39883-4A92-4ECF-85A1-5072F4B6083C}.Release|Any CPU.Build.0 = Release|Any CPU
		{73A0E6FE-80A2-4632-8605-5C67C98FE0DC}.Debug|Any CPU.ActiveCfg = Debug|Any CPU
		{73A0E6FE-80A2-4632-8605-5C67C98FE0DC}.Debug|Any CPU.Build.0 = Debug|Any CPU
		{73A0E6FE-80A2-4632-8605-5C67C98FE0DC}.Release|Any CPU.ActiveCfg = Release|Any CPU
		{73A0E6FE-80A2-4632-8605-5C67C98FE0DC}.Release|Any CPU.Build.0 = Release|Any CPU
	EndGlobalSection
	GlobalSection(SolutionProperties) = preSolution
		HideSolutionNode = FALSE
	EndGlobalSection
EndGlobal
